{
  "name": "pointfree",
  "version": "0.0.1",
  "lockfileVersion": 1,
  "requires": true,
  "dependencies": {
    "@types/ramda": {
      "version": "github:types/npm-ramda#a59a8ff772f425ccc806eadf94b82640a0cdca46",
      "dev": true
    },
    "ramda": {
      "version": "0.25.0",
      "resolved": "https://registry.npmjs.org/ramda/-/ramda-0.25.0.tgz",
      "integrity": "sha512-GXpfrYVPwx3K7RQ6aYT8KPS8XViSXUVJT1ONhoKPE9VAleW42YE+U+8VEyGWt41EnEQW7gwecYJriTI0pKoecQ=="
    },
    "typescript": {
      "version": "2.6.2",
      "resolved": "https://registry.npmjs.org/typescript/-/typescript-2.6.2.tgz",
      "integrity": "sha1-PFtv1/beCRQmkCfwPAlGdY92c6Q=",
      "dev": true
    }
  }
}
